{
  "version": "5",
  "specifiers": {
    "jsr:@std/json@^1.0.2": "1.0.3",
    "jsr:@std/jsonc@^1.0.2": "1.0.2"
  },
  "jsr": {
    "@std/json@1.0.3": {
      "integrity": "97d5710996293a027b7aa5f0d1f4fa29f246f269e6b5597e08807613f37d426c"
    },
    "@std/jsonc@1.0.2": {
      "integrity": "909605dae3af22bd75b1cbda8d64a32cf1fd2cf6efa3f9e224aba6d22c0f44c7",
      "dependencies": [
        "jsr:@std/json"
      ]
    }
  },
  "workspace": {
    "dependencies": [
      "jsr:@std/jsonc@^1.0.2"
    ]
  }
}
